# This file is automatically @generated by Cargo.
# It is not intended for manual editing.
version = 4

[[package]]
name = "fx-app"
version = "0.1.0"
dependencies = [
 "fx-core",
 "fx-gen",
 "fx-shim",
]

[[package]]
name = "fx-core"
version = "0.1.0"

[[package]]
name = "fx-gen"
version = "0.1.0"

[[package]]
name = "fx-shim"
version = "0.1.0"
